
Microsoft Visual Studio Solution File, Format Version 12.00
# Visual Studio 2013
VisualStudioVersion = 12.0.21005.1
MinimumVisualStudioVersion = 10.0.40219.1
Project("{FAE04EC0-301F-11D3-BF4B-00C04F79EFBC}") = "Assembler", "Assembler\Assembler.csproj", "{45FF8E4B-193F-42A0-9B04-B44FD0E511E0}"
EndProject
Project("{FAE04EC0-301F-11D3-BF4B-00C04F79EFBC}") = "Assembler.Test", "Assembler.Test\Assembler.Test.csproj", "{50770B34-97F0-4AA0-B3AC-D75C42B889DA}"
EndProject
Global
	GlobalSection(SolutionConfigurationPlatforms) = preSolution
		Debug|Any CPU = Debug|Any CPU
		Release|Any CPU = Release|Any CPU
	EndGlobalSection
	GlobalSection(ProjectConfigurationPlatforms) = postSolution
		{45FF8E4B-193F-42A0-9B04-B44FD0E511E0}.Debug|Any CPU.ActiveCfg = Debug|Any CPU
		{45FF8E4B-193F-42A0-9B04-B44FD0E511E0}.Debug|Any CPU.Build.0 = Debug|Any CPU
		{45FF8E4B-193F-42A0-9B04-B44FD0E511E0}.Release|Any CPU.ActiveCfg = Release|Any CPU
		{45FF8E4B-193F-42A0-9B04-B44FD0E511E0}.Release|Any CPU.Build.0 = Release|Any CPU
		{50770B34-97F0-4AA0-B3AC-D75C42B889DA}.Debug|Any CPU.ActiveCfg = Debug|Any CPU
		{50770B34-97F0-4AA0-B3AC-D75C42B889DA}.Debug|Any CPU.Build.0 = Debug|Any CPU
		{50770B34-97F0-4AA0-B3AC-D75C42B889DA}.Release|Any CPU.ActiveCfg = Release|Any CPU
		{50770B34-97F0-4AA0-B3AC-D75C42B889DA}.Release|Any CPU.Build.0 = Release|Any CPU
	EndGlobalSection
	GlobalSection(SolutionProperties) = preSolution
		HideSolutionNode = FALSE
	EndGlobalSection
EndGlobal
